
Microsoft Visual Studio Solution File, Format Version 12.00
# Visual Studio Version 17
VisualStudioVersion = 17.0.31903.59
MinimumVisualStudioVersion = 10.0.40219.1
Project("{FAE04EC0-301F-11D3-BF4B-00C04F79EFBC}") = "generator", "generator\generator.csproj", "{8A0DD122-C376-4058-9D19-D850453870F6}"
EndProject
Project("{FAE04EC0-301F-11D3-BF4B-00C04F79EFBC}") = "generator.tests", "generator.tests\generator.tests.csproj", "{BAF92A52-7716-4D09-88DD-3B70349DD971}"
EndProject
Global
	GlobalSection(SolutionConfigurationPlatforms) = preSolution
		Debug|Any CPU = Debug|Any CPU
		Release|Any CPU = Release|Any CPU
	EndGlobalSection
	GlobalSection(SolutionProperties) = preSolution
		HideSolutionNode = FALSE
	EndGlobalSection
	GlobalSection(ProjectConfigurationPlatforms) = postSolution
		{8A0DD122-C376-4058-9D19-D850453870F6}.Debug|Any CPU.ActiveCfg = Debug|Any CPU
		{8A0DD122-C376-4058-9D19-D850453870F6}.Debug|Any CPU.Build.0 = Debug|Any CPU
		{8A0DD122-C376-4058-9D19-D850453870F6}.Release|Any CPU.ActiveCfg = Release|Any CPU
		{8A0DD122-C376-4058-9D19-D850453870F6}.Release|Any CPU.Build.0 = Release|Any CPU
		{BAF92A52-7716-4D09-88DD-3B70349DD971}.Debug|Any CPU.ActiveCfg = Debug|Any CPU
		{BAF92A52-7716-4D09-88DD-3B70349DD971}.Debug|Any CPU.Build.0 = Debug|Any CPU
		{BAF92A52-7716-4D09-88DD-3B70349DD971}.Release|Any CPU.ActiveCfg = Release|Any CPU
		{BAF92A52-7716-4D09-88DD-3B70349DD971}.Release|Any CPU.Build.0 = Release|Any CPU
	EndGlobalSection
EndGlobal
